
Microsoft Visual Studio Solution File, Format Version 12.00
# Visual Studio Version 17
VisualStudioVersion = 17.7.34031.279
MinimumVisualStudioVersion = 10.0.40219.1
Project("{FAE04EC0-301F-11D3-BF4B-00C04F79EFBC}") = "HomeWork6", "HomeWork6\HomeWork6.csproj", "{AD5ABDF5-5CB9-427B-BBAF-186A8B11EAF7}"
EndProject
Global
	GlobalSection(SolutionConfigurationPlatforms) = preSolution
		Debug|Any CPU = Debug|Any CPU
		Release|Any CPU = Release|Any CPU
	EndGlobalSection
	GlobalSection(ProjectConfigurationPlatforms) = postSolution
		{AD5ABDF5-5CB9-427B-BBAF-186A8B11EAF7}.Debug|Any CPU.ActiveCfg = Debug|Any CPU
		{AD5ABDF5-5CB9-427B-BBAF-186A8B11EAF7}.Debug|Any CPU.Build.0 = Debug|Any CPU
		{AD5ABDF5-5CB9-427B-BBAF-186A8B11EAF7}.Release|Any CPU.ActiveCfg = Release|Any CPU
		{AD5ABDF5-5CB9-427B-BBAF-186A8B11EAF7}.Release|Any CPU.Build.0 = Release|Any CPU
	EndGlobalSection
	GlobalSection(SolutionProperties) = preSolution
		HideSolutionNode = FALSE
	EndGlobalSection
	GlobalSection(ExtensibilityGlobals) = postSolution
		SolutionGuid = {72F8C3E0-5303-40F8-89AE-943D8C2B6351}
	EndGlobalSection
EndGlobal
